
Microsoft Visual Studio Solution File, Format Version 12.00
# Visual Studio 15
VisualStudioVersion = 15.0.28010.2016
MinimumVisualStudioVersion = 10.0.40219.1
Project("{FAE04EC0-301F-11D3-BF4B-00C04F79EFBC}") = "Madlibs", "Madlibs\Madlibs.csproj", "{97099995-9F4A-43E9-8FB0-30586777A176}"
EndProject
Global
	GlobalSection(SolutionConfigurationPlatforms) = preSolution
		Debug|Any CPU = Debug|Any CPU
		Release|Any CPU = Release|Any CPU
	EndGlobalSection
	GlobalSection(ProjectConfigurationPlatforms) = postSolution
		{97099995-9F4A-43E9-8FB0-30586777A176}.Debug|Any CPU.ActiveCfg = Debug|Any CPU
		{97099995-9F4A-43E9-8FB0-30586777A176}.Debug|Any CPU.Build.0 = Debug|Any CPU
		{97099995-9F4A-43E9-8FB0-30586777A176}.Release|Any CPU.ActiveCfg = Release|Any CPU
		{97099995-9F4A-43E9-8FB0-30586777A176}.Release|Any CPU.Build.0 = Release|Any CPU
	EndGlobalSection
	GlobalSection(SolutionProperties) = preSolution
		HideSolutionNode = FALSE
	EndGlobalSection
	GlobalSection(ExtensibilityGlobals) = postSolution
		SolutionGuid = {D413600B-2AFC-49EA-A14B-3D78237A12C2}
	EndGlobalSection
EndGlobal
